
Microsoft Visual Studio Solution File, Format Version 12.00
# Visual Studio 15
VisualStudioVersion = 15.0.28010.2019
MinimumVisualStudioVersion = 10.0.40219.1
Project("{FAE04EC0-301F-11D3-BF4B-00C04F79EFBC}") = "Entities-POJO", "Entities-POJO\Entities-POJO.csproj", "{827EF7D6-EEF3-44A4-AF58-8965EAA5B118}"
EndProject
Project("{F184B08F-C81C-45F6-A57F-5ABD9991F28F}") = "UserUI", "UserUI\UserUI.vbproj", "{24A8F945-B6AD-4441-8827-6E4F031F4543}"
EndProject
Project("{FAE04EC0-301F-11D3-BF4B-00C04F79EFBC}") = "DataAccess", "DataAccess\DataAccess.csproj", "{A48777F6-C630-44F8-A608-1EF404885F5B}"
EndProject
Project("{FAE04EC0-301F-11D3-BF4B-00C04F79EFBC}") = "CoreAPI", "CoreAPI\CoreAPI.csproj", "{D3207700-B268-4B5A-B986-A2DD36417E99}"
	ProjectSection(ProjectDependencies) = postProject
		{F9A9F641-6BFF-41B2-B75A-FB2301B4545D} = {F9A9F641-6BFF-41B2-B75A-FB2301B4545D}
		{827EF7D6-EEF3-44A4-AF58-8965EAA5B118} = {827EF7D6-EEF3-44A4-AF58-8965EAA5B118}
		{A48777F6-C630-44F8-A608-1EF404885F5B} = {A48777F6-C630-44F8-A608-1EF404885F5B}
	EndProjectSection
EndProject
Project("{FAE04EC0-301F-11D3-BF4B-00C04F79EFBC}") = "Exceptions", "Exceptions\Exceptions.csproj", "{F9A9F641-6BFF-41B2-B75A-FB2301B4545D}"
EndProject
Project("{FAE04EC0-301F-11D3-BF4B-00C04F79EFBC}") = "WebAPI", "WebAPI\WebAPI.csproj", "{C5DDC502-1078-4EB3-875B-24D410E379A6}"
EndProject
Global
	GlobalSection(SolutionConfigurationPlatforms) = preSolution
		Debug|Any CPU = Debug|Any CPU
		Release|Any CPU = Release|Any CPU
	EndGlobalSection
	GlobalSection(ProjectConfigurationPlatforms) = postSolution
		{827EF7D6-EEF3-44A4-AF58-8965EAA5B118}.Debug|Any CPU.ActiveCfg = Debug|Any CPU
		{827EF7D6-EEF3-44A4-AF58-8965EAA5B118}.Debug|Any CPU.Build.0 = Debug|Any CPU
		{827EF7D6-EEF3-44A4-AF58-8965EAA5B118}.Release|Any CPU.ActiveCfg = Release|Any CPU
		{827EF7D6-EEF3-44A4-AF58-8965EAA5B118}.Release|Any CPU.Build.0 = Release|Any CPU
		{24A8F945-B6AD-4441-8827-6E4F031F4543}.Debug|Any CPU.ActiveCfg = Debug|Any CPU
		{24A8F945-B6AD-4441-8827-6E4F031F4543}.Debug|Any CPU.Build.0 = Debug|Any CPU
		{24A8F945-B6AD-4441-8827-6E4F031F4543}.Release|Any CPU.ActiveCfg = Release|Any CPU
		{24A8F945-B6AD-4441-8827-6E4F031F4543}.Release|Any CPU.Build.0 = Release|Any CPU
		{A48777F6-C630-44F8-A608-1EF404885F5B}.Debug|Any CPU.ActiveCfg = Debug|Any CPU
		{A48777F6-C630-44F8-A608-1EF404885F5B}.Debug|Any CPU.Build.0 = Debug|Any CPU
		{A48777F6-C630-44F8-A608-1EF404885F5B}.Release|Any CPU.ActiveCfg = Release|Any CPU
		{A48777F6-C630-44F8-A608-1EF404885F5B}.Release|Any CPU.Build.0 = Release|Any CPU
		{D3207700-B268-4B5A-B986-A2DD36417E99}.Debug|Any CPU.ActiveCfg = Debug|Any CPU
		{D3207700-B268-4B5A-B986-A2DD36417E99}.Debug|Any CPU.Build.0 = Debug|Any CPU
		{D3207700-B268-4B5A-B986-A2DD36417E99}.Release|Any CPU.ActiveCfg = Release|Any CPU
		{D3207700-B268-4B5A-B986-A2DD36417E99}.Release|Any CPU.Build.0 = Release|Any CPU
		{F9A9F641-6BFF-41B2-B75A-FB2301B4545D}.Debug|Any CPU.ActiveCfg = Debug|Any CPU
		{F9A9F641-6BFF-41B2-B75A-FB2301B4545D}.Debug|Any CPU.Build.0 = Debug|Any CPU
		{F9A9F641-6BFF-41B2-B75A-FB2301B4545D}.Release|Any CPU.ActiveCfg = Release|Any CPU
		{F9A9F641-6BFF-41B2-B75A-FB2301B4545D}.Release|Any CPU.Build.0 = Release|Any CPU
		{C5DDC502-1078-4EB3-875B-24D410E379A6}.Debug|Any CPU.ActiveCfg = Debug|Any CPU
		{C5DDC502-1078-4EB3-875B-24D410E379A6}.Debug|Any CPU.Build.0 = Debug|Any CPU
		{C5DDC502-1078-4EB3-875B-24D410E379A6}.Release|Any CPU.ActiveCfg = Release|Any CPU
		{C5DDC502-1078-4EB3-875B-24D410E379A6}.Release|Any CPU.Build.0 = Release|Any CPU
	EndGlobalSection
	GlobalSection(SolutionProperties) = preSolution
		HideSolutionNode = FALSE
	EndGlobalSection
	GlobalSection(ExtensibilityGlobals) = postSolution
		SolutionGuid = {10C19E93-0093-4E6C-97E9-3B7D55D09293}
	EndGlobalSection
	GlobalSection(TeamFoundationVersionControl) = preSolution
		SccNumberOfProjects = 7
		SccEnterpriseProvider = {4CA58AB2-18FA-4F8D-95D4-32DDF27D184C}
		SccTeamFoundationServer = https://evotekp.visualstudio.com/
		SccLocalPath0 = .
		SccProjectUniqueName1 = Entities-POJO\\Entities-POJO.csproj
		SccProjectName1 = Entities-POJO
		SccLocalPath1 = Entities-POJO
		SccProjectUniqueName2 = DataAccess\\DataAccess.csproj
		SccProjectName2 = DataAccess
		SccLocalPath2 = DataAccess
		SccProjectUniqueName3 = CoreAPI\\CoreAPI.csproj
		SccProjectName3 = CoreAPI
		SccLocalPath3 = CoreAPI
		SccProjectUniqueName4 = Exceptions\\Exceptions.csproj
		SccProjectName4 = Exceptions
		SccLocalPath4 = Exceptions
		SccProjectUniqueName5 = UserUI\\UserUI.vbproj
		SccProjectName5 = UserUI
		SccLocalPath5 = UserUI
		SccProjectUniqueName6 = WebAPI\\WebAPI.csproj
		SccProjectName6 = WebAPI
		SccLocalPath6 = WebAPI
	EndGlobalSection
EndGlobal
